
Microsoft Visual Studio Solution File, Format Version 12.00
# Visual Studio Version 17
VisualStudioVersion = 17.2.32505.173
MinimumVisualStudioVersion = 10.0.40219.1
Project("{FAE04EC0-301F-11D3-BF4B-00C04F79EFBC}") = "HMS", "HMS\HMS.csproj", "{CEEE46CB-F017-46C0-B35D-817C6BEB29E8}"
EndProject
Global
	GlobalSection(SolutionConfigurationPlatforms) = preSolution
		Debug|Any CPU = Debug|Any CPU
		Release|Any CPU = Release|Any CPU
	EndGlobalSection
	GlobalSection(ProjectConfigurationPlatforms) = postSolution
		{CEEE46CB-F017-46C0-B35D-817C6BEB29E8}.Debug|Any CPU.ActiveCfg = Debug|Any CPU
		{CEEE46CB-F017-46C0-B35D-817C6BEB29E8}.Debug|Any CPU.Build.0 = Debug|Any CPU
		{CEEE46CB-F017-46C0-B35D-817C6BEB29E8}.Release|Any CPU.ActiveCfg = Release|Any CPU
		{CEEE46CB-F017-46C0-B35D-817C6BEB29E8}.Release|Any CPU.Build.0 = Release|Any CPU
	EndGlobalSection
	GlobalSection(SolutionProperties) = preSolution
		HideSolutionNode = FALSE
	EndGlobalSection
	GlobalSection(ExtensibilityGlobals) = postSolution
		SolutionGuid = {3BFC57E4-C813-4702-8DDF-D6C2CFD54B47}
	EndGlobalSection
EndGlobal
